
Microsoft Visual Studio Solution File, Format Version 12.00
# Visual Studio Version 17
VisualStudioVersion = 17.8.34316.72
MinimumVisualStudioVersion = 10.0.40219.1
Project("{FAE04EC0-301F-11D3-BF4B-00C04F79EFBC}") = "Wrapper", "Singleton\Wrapper.csproj", "{0FB628E7-C033-44AC-BE54-908C38A9FCE8}"
EndProject
Global
	GlobalSection(SolutionConfigurationPlatforms) = preSolution
		Debug|Any CPU = Debug|Any CPU
		Release|Any CPU = Release|Any CPU
	EndGlobalSection
	GlobalSection(ProjectConfigurationPlatforms) = postSolution
		{0FB628E7-C033-44AC-BE54-908C38A9FCE8}.Debug|Any CPU.ActiveCfg = Debug|Any CPU
		{0FB628E7-C033-44AC-BE54-908C38A9FCE8}.Debug|Any CPU.Build.0 = Debug|Any CPU
		{0FB628E7-C033-44AC-BE54-908C38A9FCE8}.Release|Any CPU.ActiveCfg = Release|Any CPU
		{0FB628E7-C033-44AC-BE54-908C38A9FCE8}.Release|Any CPU.Build.0 = Release|Any CPU
	EndGlobalSection
	GlobalSection(SolutionProperties) = preSolution
		HideSolutionNode = FALSE
	EndGlobalSection
	GlobalSection(ExtensibilityGlobals) = postSolution
		SolutionGuid = {0C63C8CE-9389-442B-BDC4-1F9AC364BDBF}
	EndGlobalSection
EndGlobal
